
Microsoft Visual Studio Solution File, Format Version 12.00
# Visual Studio 15
VisualStudioVersion = 15.0.27703.2000
MinimumVisualStudioVersion = 12.0.30501.0
Project("{2150E333-8FDC-42A3-9474-1A3956D46DE8}") = "Dependencies", "Dependencies", "{0823582D-5403-47DA-A2A0-D479D4DED7A3}"
EndProject
Project("{8BC9CEB8-8B4A-11D0-8D11-00A0C91BC942}") = "libiconv", "..\..\libiconv\SMP\libiconv.vcxproj", "{CB8BB76F-D3FF-434E-A85E-7FFC0893EC9B}"
EndProject
Project("{8BC9CEB8-8B4A-11D0-8D11-00A0C91BC942}") = "libass", "..\..\libass\SMP\libass.vcxproj", "{19677DFD-C020-434D-9CB1-D0F105E72770}"
	ProjectSection(ProjectDependencies) = postProject
		{08091723-A142-478B-A092-20741BA8FAE2} = {08091723-A142-478B-A092-20741BA8FAE2}
		{E62DC439-DE3B-4F2F-84DF-B34E51FA1969} = {E62DC439-DE3B-4F2F-84DF-B34E51FA1969}
		{9DB795B7-E8BD-4846-82A5-C6D2577B1AAF} = {9DB795B7-E8BD-4846-82A5-C6D2577B1AAF}
		{DBF1E8F7-5B7D-4CBF-842A-B7E0C02520DC} = {DBF1E8F7-5B7D-4CBF-842A-B7E0C02520DC}
	EndProjectSection
EndProject
Project("{8BC9CEB8-8B4A-11D0-8D11-00A0C91BC942}") = "libxml2", "..\..\libxml2\SMP\libxml2.vcxproj", "{CFE70273-7A79-4815-AF95-1E02E2675E37}"
	ProjectSection(ProjectDependencies) = postProject
		{CA9A4A38-CC63-4BDB-8CFB-E058965DDA32} = {CA9A4A38-CC63-4BDB-8CFB-E058965DDA32}
		{85763F39-23DF-4C04-B7DF-7FBE3E7CF336} = {85763F39-23DF-4C04-B7DF-7FBE3E7CF336}
		{CB8BB76F-D3FF-434E-A85E-7FFC0893EC9B} = {CB8BB76F-D3FF-434E-A85E-7FFC0893EC9B}
	EndProjectSection
EndProject
Project("{8BC9CEB8-8B4A-11D0-8D11-00A0C91BC942}") = "liblzma", "..\..\liblzma\SMP\liblzma.vcxproj", "{85763F39-23DF-4C04-B7DF-7FBE3E7CF336}"
EndProject
Project("{8BC9CEB8-8B4A-11D0-8D11-00A0C91BC942}") = "libgmp", "..\..\gmp\SMP\libgmp.vcxproj", "{02B94302-23D6-43EF-8865-95CDE99D5DC2}"
EndProject
Project("{8BC9CEB8-8B4A-11D0-8D11-00A0C91BC942}") = "libnettle", "..\..\nettle\SMP\libnettle.vcxproj", "{070FEF2B-0C3F-4F33-9D3C-53C7330BF518}"
	ProjectSection(ProjectDependencies) = postProject
		{02B94302-23D6-43EF-8865-95CDE99D5DC2} = {02B94302-23D6-43EF-8865-95CDE99D5DC2}
	EndProjectSection
EndProject
Project("{8BC9CEB8-8B4A-11D0-8D11-00A0C91BC942}") = "libhogweed", "..\..\nettle\SMP\libhogweed.vcxproj", "{200F3D3C-8B84-46D8-953A-6C0EBD283B5C}"
	ProjectSection(ProjectDependencies) = postProject
		{02B94302-23D6-43EF-8865-95CDE99D5DC2} = {02B94302-23D6-43EF-8865-95CDE99D5DC2}
		{070FEF2B-0C3F-4F33-9D3C-53C7330BF518} = {070FEF2B-0C3F-4F33-9D3C-53C7330BF518}
	EndProjectSection
EndProject
Project("{8BC9CEB8-8B4A-11D0-8D11-00A0C91BC942}") = "libilbc", "..\..\libilbc\SMP\libilbc.vcxproj", "{1C2A61DC-CFE4-4671-B721-20B4E6BE9FC3}"
EndProject
Project("{8BC9CEB8-8B4A-11D0-8D11-00A0C91BC942}") = "libgme", "..\..\game-music-emu\SMP\libgme.vcxproj", "{704AB765-90EE-4B99-9887-1B9ECFB7AB70}"
EndProject
Project("{8BC9CEB8-8B4A-11D0-8D11-00A0C91BC942}") = "libfontconfig", "..\..\fontconfig\SMP\libfontconfig.vcxproj", "{DBF1E8F7-5B7D-4CBF-842A-B7E0C02520DC}"
	ProjectSection(ProjectDependencies) = postProject
		{E62DC439-DE3B-4F2F-84DF-B34E51FA1969} = {E62DC439-DE3B-4F2F-84DF-B34E51FA1969}
		{CB8BB76F-D3FF-434E-A85E-7FFC0893EC9B} = {CB8BB76F-D3FF-434E-A85E-7FFC0893EC9B}
		{CFE70273-7A79-4815-AF95-1E02E2675E37} = {CFE70273-7A79-4815-AF95-1E02E2675E37}
	EndProjectSection
EndProject
Project("{8BC9CEB8-8B4A-11D0-8D11-00A0C91BC942}") = "libfreetype2", "..\..\freetype2\SMP\libfreetype2.vcxproj", "{E62DC439-DE3B-4F2F-84DF-B34E51FA1969}"
EndProject
Project("{8BC9CEB8-8B4A-11D0-8D11-00A0C91BC942}") = "libfribidi", "..\..\fribidi\SMP\libfribidi.vcxproj", "{08091723-A142-478B-A092-20741BA8FAE2}"
EndProject
Project("{8BC9CEB8-8B4A-11D0-8D11-00A0C91BC942}") = "libharfbuzz", "..\..\harfbuzz\SMP\libharfbuzz.vcxproj", "{9DB795B7-E8BD-4846-82A5-C6D2577B1AAF}"
	ProjectSection(ProjectDependencies) = postProject
		{E62DC439-DE3B-4F2F-84DF-B34E51FA1969} = {E62DC439-DE3B-4F2F-84DF-B34E51FA1969}
	EndProjectSection
EndProject
Project("{8BC9CEB8-8B4A-11D0-8D11-00A0C91BC942}") = "libmodplug", "..\..\modplug\SMP\libmodplug.vcxproj", "{38E671C9-3FE3-40B7-A1AF-D2D566762186}"
EndProject
Project("{8BC9CEB8-8B4A-11D0-8D11-00A0C91BC942}") = "libmp3lame", "..\..\lame\SMP\libmp3lame.vcxproj", "{2016A4DB-B9BA-4521-BDA7-0EB3806E1FC8}"
EndProject
Project("{8BC9CEB8-8B4A-11D0-8D11-00A0C91BC942}") = "libogg", "..\..\ogg\SMP\libogg.vcxproj", "{1C2315EC-E08C-4E8F-AD66-917DC9C30B98}"
EndProject
Project("{8BC9CEB8-8B4A-11D0-8D11-00A0C91BC942}") = "libopus", "..\..\opus\SMP\libopus.vcxproj", "{ABBD5F2A-361F-4D4F-A532-01B856C59E9E}"
EndProject
Project("{8BC9CEB8-8B4A-11D0-8D11-00A0C91BC942}") = "libsoxr", "..\..\soxr\SMP\libsoxr.vcxproj", "{C3CEF41A-9096-449D-B6B5-0A82A8C3F3C9}"
EndProject
Project("{8BC9CEB8-8B4A-11D0-8D11-00A0C91BC942}") = "libspeex", "..\..\speex\SMP\libspeex.vcxproj", "{564B2F86-5CDC-4D58-B869-5E8394CC3298}"
EndProject
Project("{8BC9CEB8-8B4A-11D0-8D11-00A0C91BC942}") = "libtheora", "..\..\theora\SMP\libtheora.vcxproj", "{0D0F22AE-15B2-414B-9BCC-2D1C2278AA87}"
	ProjectSection(ProjectDependencies) = postProject
		{1C2315EC-E08C-4E8F-AD66-917DC9C30B98} = {1C2315EC-E08C-4E8F-AD66-917DC9C30B98}
	EndProjectSection
EndProject
Project("{8BC9CEB8-8B4A-11D0-8D11-00A0C91BC942}") = "libvorbis", "..\..\vorbis\SMP\libvorbis.vcxproj", "{E4CCBFE2-5DC2-44B2-92A8-447EFE6DDB6E}"
	ProjectSection(ProjectDependencies) = postProject
		{1C2315EC-E08C-4E8F-AD66-917DC9C30B98} = {1C2315EC-E08C-4E8F-AD66-917DC9C30B98}
	EndProjectSection
EndProject
Project("{8BC9CEB8-8B4A-11D0-8D11-00A0C91BC942}") = "libx264", "..\..\x264\SMP\libx264.vcxproj", "{20179127-853B-4FE9-B7C0-9E817E6A3A72}"
EndProject
Project("{8BC9CEB8-8B4A-11D0-8D11-00A0C91BC942}") = "libx265", "..\..\x265\SMP\libx265.vcxproj", "{2CF9B09C-DC32-46BD-BF78-5B00B7E4ED00}"
EndProject
Project("{8BC9CEB8-8B4A-11D0-8D11-00A0C91BC942}") = "libxvidcore", "..\..\xvid\SMP\libxvidcore.vcxproj", "{E0889360-2F17-4D9C-A185-A5C51EA8073B}"
EndProject
Project("{8BC9CEB8-8B4A-11D0-8D11-00A0C91BC942}") = "libzlib", "..\..\zlib\SMP\libzlib.vcxproj", "{CA9A4A38-CC63-4BDB-8CFB-E058965DDA32}"
EndProject
Project("{8BC9CEB8-8B4A-11D0-8D11-00A0C91BC942}") = "libbz2", "..\..\bzip2\SMP\libbz2.vcxproj", "{78F4C3F4-CD1D-47EE-82D4-3A81AA701486}"
EndProject
Project("{8BC9CEB8-8B4A-11D0-8D11-00A0C91BC942}") = "libsdl", "..\..\sdl\SMP\libsdl.vcxproj", "{D82A9F8C-D671-4D9B-AE40-13CC6098AE69}"
EndProject
Project("{8BC9CEB8-8B4A-11D0-8D11-00A0C91BC942}") = "libfdk-aac", "..\..\fdk-aac\SMP\libfdk-aac.vcxproj", "{7D653A32-EBEF-40AE-AF54-1FF6CC7372C2}"
EndProject
Global
	GlobalSection(SolutionConfigurationPlatforms) = preSolution
		Debug|x86 = Debug|x86
		Release|x86 = Release|x86
	EndGlobalSection
	GlobalSection(ProjectConfigurationPlatforms) = postSolution
		{CB8BB76F-D3FF-434E-A85E-7FFC0893EC9B}.Debug|x86.ActiveCfg = Debug|Win32
		{CB8BB76F-D3FF-434E-A85E-7FFC0893EC9B}.Debug|x86.Build.0 = Debug|Win32
		{CB8BB76F-D3FF-434E-A85E-7FFC0893EC9B}.Release|x86.ActiveCfg = Release|Win32
		{CB8BB76F-D3FF-434E-A85E-7FFC0893EC9B}.Release|x86.Build.0 = Release|Win32
		{19677DFD-C020-434D-9CB1-D0F105E72770}.Debug|x86.ActiveCfg = Debug|Win32
		{19677DFD-C020-434D-9CB1-D0F105E72770}.Debug|x86.Build.0 = Debug|Win32
		{19677DFD-C020-434D-9CB1-D0F105E72770}.Release|x86.ActiveCfg = Release|Win32
		{19677DFD-C020-434D-9CB1-D0F105E72770}.Release|x86.Build.0 = Release|Win32
		{CFE70273-7A79-4815-AF95-1E02E2675E37}.Debug|x86.ActiveCfg = Debug|Win32
		{CFE70273-7A79-4815-AF95-1E02E2675E37}.Debug|x86.Build.0 = Debug|Win32
		{CFE70273-7A79-4815-AF95-1E02E2675E37}.Release|x86.ActiveCfg = Release|Win32
		{CFE70273-7A79-4815-AF95-1E02E2675E37}.Release|x86.Build.0 = Release|Win32
		{85763F39-23DF-4C04-B7DF-7FBE3E7CF336}.Debug|x86.ActiveCfg = Debug|Win32
		{85763F39-23DF-4C04-B7DF-7FBE3E7CF336}.Debug|x86.Build.0 = Debug|Win32
		{85763F39-23DF-4C04-B7DF-7FBE3E7CF336}.Release|x86.ActiveCfg = Release|Win32
		{85763F39-23DF-4C04-B7DF-7FBE3E7CF336}.Release|x86.Build.0 = Release|Win32
		{02B94302-23D6-43EF-8865-95CDE99D5DC2}.Debug|x86.ActiveCfg = Debug|Win32
		{02B94302-23D6-43EF-8865-95CDE99D5DC2}.Debug|x86.Build.0 = Debug|Win32
		{02B94302-23D6-43EF-8865-95CDE99D5DC2}.Release|x86.ActiveCfg = Release|Win32
		{02B94302-23D6-43EF-8865-95CDE99D5DC2}.Release|x86.Build.0 = Release|Win32
		{070FEF2B-0C3F-4F33-9D3C-53C7330BF518}.Debug|x86.ActiveCfg = Debug|Win32
		{070FEF2B-0C3F-4F33-9D3C-53C7330BF518}.Debug|x86.Build.0 = Debug|Win32
		{070FEF2B-0C3F-4F33-9D3C-53C7330BF518}.Release|x86.ActiveCfg = Release|Win32
		{070FEF2B-0C3F-4F33-9D3C-53C7330BF518}.Release|x86.Build.0 = Release|Win32
		{200F3D3C-8B84-46D8-953A-6C0EBD283B5C}.Debug|x86.ActiveCfg = Debug|Win32
		{200F3D3C-8B84-46D8-953A-6C0EBD283B5C}.Debug|x86.Build.0 = Debug|Win32
		{200F3D3C-8B84-46D8-953A-6C0EBD283B5C}.Release|x86.ActiveCfg = Release|Win32
		{200F3D3C-8B84-46D8-953A-6C0EBD283B5C}.Release|x86.Build.0 = Release|Win32
		{1C2A61DC-CFE4-4671-B721-20B4E6BE9FC3}.Debug|x86.ActiveCfg = Debug|Win32
		{1C2A61DC-CFE4-4671-B721-20B4E6BE9FC3}.Debug|x86.Build.0 = Debug|Win32
		{1C2A61DC-CFE4-4671-B721-20B4E6BE9FC3}.Release|x86.ActiveCfg = Release|Win32
		{1C2A61DC-CFE4-4671-B721-20B4E6BE9FC3}.Release|x86.Build.0 = Release|Win32
		{704AB765-90EE-4B99-9887-1B9ECFB7AB70}.Debug|x86.ActiveCfg = Debug|Win32
		{704AB765-90EE-4B99-9887-1B9ECFB7AB70}.Debug|x86.Build.0 = Debug|Win32
		{704AB765-90EE-4B99-9887-1B9ECFB7AB70}.Release|x86.ActiveCfg = Release|Win32
		{704AB765-90EE-4B99-9887-1B9ECFB7AB70}.Release|x86.Build.0 = Release|Win32
		{DBF1E8F7-5B7D-4CBF-842A-B7E0C02520DC}.Debug|x86.ActiveCfg = Debug|Win32
		{DBF1E8F7-5B7D-4CBF-842A-B7E0C02520DC}.Debug|x86.Build.0 = Debug|Win32
		{DBF1E8F7-5B7D-4CBF-842A-B7E0C02520DC}.Release|x86.ActiveCfg = Release|Win32
		{DBF1E8F7-5B7D-4CBF-842A-B7E0C02520DC}.Release|x86.Build.0 = Release|Win32
		{E62DC439-DE3B-4F2F-84DF-B34E51FA1969}.Debug|x86.ActiveCfg = Debug|Win32
		{E62DC439-DE3B-4F2F-84DF-B34E51FA1969}.Debug|x86.Build.0 = Debug|Win32
		{E62DC439-DE3B-4F2F-84DF-B34E51FA1969}.Release|x86.ActiveCfg = Release|Win32
		{E62DC439-DE3B-4F2F-84DF-B34E51FA1969}.Release|x86.Build.0 = Release|Win32
		{08091723-A142-478B-A092-20741BA8FAE2}.Debug|x86.ActiveCfg = Debug|Win32
		{08091723-A142-478B-A092-20741BA8FAE2}.Debug|x86.Build.0 = Debug|Win32
		{08091723-A142-478B-A092-20741BA8FAE2}.Release|x86.ActiveCfg = Release|Win32
		{08091723-A142-478B-A092-20741BA8FAE2}.Release|x86.Build.0 = Release|Win32
		{9DB795B7-E8BD-4846-82A5-C6D2577B1AAF}.Debug|x86.ActiveCfg = Debug|Win32
		{9DB795B7-E8BD-4846-82A5-C6D2577B1AAF}.Debug|x86.Build.0 = Debug|Win32
		{9DB795B7-E8BD-4846-82A5-C6D2577B1AAF}.Release|x86.ActiveCfg = Release|Win32
		{9DB795B7-E8BD-4846-82A5-C6D2577B1AAF}.Release|x86.Build.0 = Release|Win32
		{38E671C9-3FE3-40B7-A1AF-D2D566762186}.Debug|x86.ActiveCfg = Debug|Win32
		{38E671C9-3FE3-40B7-A1AF-D2D566762186}.Debug|x86.Build.0 = Debug|Win32
		{38E671C9-3FE3-40B7-A1AF-D2D566762186}.Release|x86.ActiveCfg = Release|Win32
		{38E671C9-3FE3-40B7-A1AF-D2D566762186}.Release|x86.Build.0 = Release|Win32
		{2016A4DB-B9BA-4521-BDA7-0EB3806E1FC8}.Debug|x86.ActiveCfg = Debug|Win32
		{2016A4DB-B9BA-4521-BDA7-0EB3806E1FC8}.Debug|x86.Build.0 = Debug|Win32
		{2016A4DB-B9BA-4521-BDA7-0EB3806E1FC8}.Release|x86.ActiveCfg = Release|Win32
		{2016A4DB-B9BA-4521-BDA7-0EB3806E1FC8}.Release|x86.Build.0 = Release|Win32
		{1C2315EC-E08C-4E8F-AD66-917DC9C30B98}.Debug|x86.ActiveCfg = Debug|Win32
		{1C2315EC-E08C-4E8F-AD66-917DC9C30B98}.Debug|x86.Build.0 = Debug|Win32
		{1C2315EC-E08C-4E8F-AD66-917DC9C30B98}.Release|x86.ActiveCfg = Release|Win32
		{1C2315EC-E08C-4E8F-AD66-917DC9C30B98}.Release|x86.Build.0 = Release|Win32
		{ABBD5F2A-361F-4D4F-A532-01B856C59E9E}.Debug|x86.ActiveCfg = Debug|Win32
		{ABBD5F2A-361F-4D4F-A532-01B856C59E9E}.Debug|x86.Build.0 = Debug|Win32
		{ABBD5F2A-361F-4D4F-A532-01B856C59E9E}.Release|x86.ActiveCfg = Release|Win32
		{ABBD5F2A-361F-4D4F-A532-01B856C59E9E}.Release|x86.Build.0 = Release|Win32
		{C3CEF41A-9096-449D-B6B5-0A82A8C3F3C9}.Debug|x86.ActiveCfg = Debug|Win32
		{C3CEF41A-9096-449D-B6B5-0A82A8C3F3C9}.Debug|x86.Build.0 = Debug|Win32
		{C3CEF41A-9096-449D-B6B5-0A82A8C3F3C9}.Release|x86.ActiveCfg = Release|Win32
		{C3CEF41A-9096-449D-B6B5-0A82A8C3F3C9}.Release|x86.Build.0 = Release|Win32
		{564B2F86-5CDC-4D58-B869-5E8394CC3298}.Debug|x86.ActiveCfg = Debug|Win32
		{564B2F86-5CDC-4D58-B869-5E8394CC3298}.Debug|x86.Build.0 = Debug|Win32
		{564B2F86-5CDC-4D58-B869-5E8394CC3298}.Release|x86.ActiveCfg = Release|Win32
		{564B2F86-5CDC-4D58-B869-5E8394CC3298}.Release|x86.Build.0 = Release|Win32
		{0D0F22AE-15B2-414B-9BCC-2D1C2278AA87}.Debug|x86.ActiveCfg = Debug|Win32
		{0D0F22AE-15B2-414B-9BCC-2D1C2278AA87}.Debug|x86.Build.0 = Debug|Win32
		{0D0F22AE-15B2-414B-9BCC-2D1C2278AA87}.Release|x86.ActiveCfg = Release|Win32
		{0D0F22AE-15B2-414B-9BCC-2D1C2278AA87}.Release|x86.Build.0 = Release|Win32
		{E4CCBFE2-5DC2-44B2-92A8-447EFE6DDB6E}.Debug|x86.ActiveCfg = Debug|Win32
		{E4CCBFE2-5DC2-44B2-92A8-447EFE6DDB6E}.Debug|x86.Build.0 = Debug|Win32
		{E4CCBFE2-5DC2-44B2-92A8-447EFE6DDB6E}.Release|x86.ActiveCfg = Release|Win32
		{E4CCBFE2-5DC2-44B2-92A8-447EFE6DDB6E}.Release|x86.Build.0 = Release|Win32
		{20179127-853B-4FE9-B7C0-9E817E6A3A72}.Debug|x86.ActiveCfg = Debug|Win32
		{20179127-853B-4FE9-B7C0-9E817E6A3A72}.Debug|x86.Build.0 = Debug|Win32
		{20179127-853B-4FE9-B7C0-9E817E6A3A72}.Release|x86.ActiveCfg = Release|Win32
		{20179127-853B-4FE9-B7C0-9E817E6A3A72}.Release|x86.Build.0 = Release|Win32
		{2CF9B09C-DC32-46BD-BF78-5B00B7E4ED00}.Debug|x86.ActiveCfg = Debug|Win32
		{2CF9B09C-DC32-46BD-BF78-5B00B7E4ED00}.Debug|x86.Build.0 = Debug|Win32
		{2CF9B09C-DC32-46BD-BF78-5B00B7E4ED00}.Release|x86.ActiveCfg = Release|Win32
		{2CF9B09C-DC32-46BD-BF78-5B00B7E4ED00}.Release|x86.Build.0 = Release|Win32
		{E0889360-2F17-4D9C-A185-A5C51EA8073B}.Debug|x86.ActiveCfg = Debug|Win32
		{E0889360-2F17-4D9C-A185-A5C51EA8073B}.Debug|x86.Build.0 = Debug|Win32
		{E0889360-2F17-4D9C-A185-A5C51EA8073B}.Release|x86.ActiveCfg = Release|Win32
		{E0889360-2F17-4D9C-A185-A5C51EA8073B}.Release|x86.Build.0 = Release|Win32
		{CA9A4A38-CC63-4BDB-8CFB-E058965DDA32}.Debug|x86.ActiveCfg = Debug|Win32
		{CA9A4A38-CC63-4BDB-8CFB-E058965DDA32}.Debug|x86.Build.0 = Debug|Win32
		{CA9A4A38-CC63-4BDB-8CFB-E058965DDA32}.Release|x86.ActiveCfg = Release|Win32
		{CA9A4A38-CC63-4BDB-8CFB-E058965DDA32}.Release|x86.Build.0 = Release|Win32
		{78F4C3F4-CD1D-47EE-82D4-3A81AA701486}.Debug|x86.ActiveCfg = Debug|Win32
		{78F4C3F4-CD1D-47EE-82D4-3A81AA701486}.Debug|x86.Build.0 = Debug|Win32
		{78F4C3F4-CD1D-47EE-82D4-3A81AA701486}.Release|x86.ActiveCfg = Release|Win32
		{78F4C3F4-CD1D-47EE-82D4-3A81AA701486}.Release|x86.Build.0 = Release|Win32
		{D82A9F8C-D671-4D9B-AE40-13CC6098AE69}.Debug|x86.ActiveCfg = Debug|Win32
		{D82A9F8C-D671-4D9B-AE40-13CC6098AE69}.Debug|x86.Build.0 = Debug|Win32
		{D82A9F8C-D671-4D9B-AE40-13CC6098AE69}.Release|x86.ActiveCfg = Release|Win32
		{D82A9F8C-D671-4D9B-AE40-13CC6098AE69}.Release|x86.Build.0 = Release|Win32
		{7D653A32-EBEF-40AE-AF54-1FF6CC7372C2}.Debug|x86.ActiveCfg = Debug|Win32
		{7D653A32-EBEF-40AE-AF54-1FF6CC7372C2}.Debug|x86.Build.0 = Debug|Win32
		{7D653A32-EBEF-40AE-AF54-1FF6CC7372C2}.Release|x86.ActiveCfg = Release|Win32
		{7D653A32-EBEF-40AE-AF54-1FF6CC7372C2}.Release|x86.Build.0 = Release|Win32
	EndGlobalSection
	GlobalSection(SolutionProperties) = preSolution
		HideSolutionNode = FALSE
	EndGlobalSection
	GlobalSection(NestedProjects) = preSolution
		{CB8BB76F-D3FF-434E-A85E-7FFC0893EC9B} = {0823582D-5403-47DA-A2A0-D479D4DED7A3}
		{19677DFD-C020-434D-9CB1-D0F105E72770} = {0823582D-5403-47DA-A2A0-D479D4DED7A3}
		{CFE70273-7A79-4815-AF95-1E02E2675E37} = {0823582D-5403-47DA-A2A0-D479D4DED7A3}
		{85763F39-23DF-4C04-B7DF-7FBE3E7CF336} = {0823582D-5403-47DA-A2A0-D479D4DED7A3}
		{02B94302-23D6-43EF-8865-95CDE99D5DC2} = {0823582D-5403-47DA-A2A0-D479D4DED7A3}
		{070FEF2B-0C3F-4F33-9D3C-53C7330BF518} = {0823582D-5403-47DA-A2A0-D479D4DED7A3}
		{200F3D3C-8B84-46D8-953A-6C0EBD283B5C} = {0823582D-5403-47DA-A2A0-D479D4DED7A3}
		{1C2A61DC-CFE4-4671-B721-20B4E6BE9FC3} = {0823582D-5403-47DA-A2A0-D479D4DED7A3}
		{704AB765-90EE-4B99-9887-1B9ECFB7AB70} = {0823582D-5403-47DA-A2A0-D479D4DED7A3}
		{DBF1E8F7-5B7D-4CBF-842A-B7E0C02520DC} = {0823582D-5403-47DA-A2A0-D479D4DED7A3}
		{E62DC439-DE3B-4F2F-84DF-B34E51FA1969} = {0823582D-5403-47DA-A2A0-D479D4DED7A3}
		{08091723-A142-478B-A092-20741BA8FAE2} = {0823582D-5403-47DA-A2A0-D479D4DED7A3}
		{9DB795B7-E8BD-4846-82A5-C6D2577B1AAF} = {0823582D-5403-47DA-A2A0-D479D4DED7A3}
		{38E671C9-3FE3-40B7-A1AF-D2D566762186} = {0823582D-5403-47DA-A2A0-D479D4DED7A3}
		{2016A4DB-B9BA-4521-BDA7-0EB3806E1FC8} = {0823582D-5403-47DA-A2A0-D479D4DED7A3}
		{1C2315EC-E08C-4E8F-AD66-917DC9C30B98} = {0823582D-5403-47DA-A2A0-D479D4DED7A3}
		{ABBD5F2A-361F-4D4F-A532-01B856C59E9E} = {0823582D-5403-47DA-A2A0-D479D4DED7A3}
		{C3CEF41A-9096-449D-B6B5-0A82A8C3F3C9} = {0823582D-5403-47DA-A2A0-D479D4DED7A3}
		{564B2F86-5CDC-4D58-B869-5E8394CC3298} = {0823582D-5403-47DA-A2A0-D479D4DED7A3}
		{0D0F22AE-15B2-414B-9BCC-2D1C2278AA87} = {0823582D-5403-47DA-A2A0-D479D4DED7A3}
		{E4CCBFE2-5DC2-44B2-92A8-447EFE6DDB6E} = {0823582D-5403-47DA-A2A0-D479D4DED7A3}
		{20179127-853B-4FE9-B7C0-9E817E6A3A72} = {0823582D-5403-47DA-A2A0-D479D4DED7A3}
		{2CF9B09C-DC32-46BD-BF78-5B00B7E4ED00} = {0823582D-5403-47DA-A2A0-D479D4DED7A3}
		{E0889360-2F17-4D9C-A185-A5C51EA8073B} = {0823582D-5403-47DA-A2A0-D479D4DED7A3}
		{CA9A4A38-CC63-4BDB-8CFB-E058965DDA32} = {0823582D-5403-47DA-A2A0-D479D4DED7A3}
		{78F4C3F4-CD1D-47EE-82D4-3A81AA701486} = {0823582D-5403-47DA-A2A0-D479D4DED7A3}
		{D82A9F8C-D671-4D9B-AE40-13CC6098AE69} = {0823582D-5403-47DA-A2A0-D479D4DED7A3}
		{7D653A32-EBEF-40AE-AF54-1FF6CC7372C2} = {0823582D-5403-47DA-A2A0-D479D4DED7A3}
	EndGlobalSection
	GlobalSection(ExtensibilityGlobals) = postSolution
		SolutionGuid = {2C67259A-66D0-4C02-B084-BA8E497C6921}
	EndGlobalSection
EndGlobal
